
Microsoft Visual Studio Solution File, Format Version 12.00
# Visual Studio 14
VisualStudioVersion = 14.0.25420.1
MinimumVisualStudioVersion = 10.0.40219.1
Project("{E24C65DC-7377-472B-9ABA-BC803B73C61A}") = "FreelanceComputing.github.io", ".", "{D5CC2B24-322E-4021-BDDD-FC54E545C020}"
	ProjectSection(WebsiteProperties) = preProject
		TargetFrameworkMoniker = ".NETFramework,Version%3Dv4.0"
		Debug.AspNetCompiler.VirtualPath = "/localhost_57708"
		Debug.AspNetCompiler.PhysicalPath = "..\Documents\Websites\FreelanceComputing.github.io\"
		Debug.AspNetCompiler.TargetPath = "PrecompiledWeb\localhost_57708\"
		Debug.AspNetCompiler.Updateable = "true"
		Debug.AspNetCompiler.ForceOverwrite = "true"
		Debug.AspNetCompiler.FixedNames = "false"
		Debug.AspNetCompiler.Debug = "True"
		Release.AspNetCompiler.VirtualPath = "/localhost_57708"
		Release.AspNetCompiler.PhysicalPath = "..\Documents\Websites\FreelanceComputing.github.io\"
		Release.AspNetCompiler.TargetPath = "PrecompiledWeb\localhost_57708\"
		Release.AspNetCompiler.Updateable = "true"
		Release.AspNetCompiler.ForceOverwrite = "true"
		Release.AspNetCompiler.FixedNames = "false"
		Release.AspNetCompiler.Debug = "False"
		VWDPort = "57708"
		SlnRelativePath = "..\Documents\Websites\FreelanceComputing.github.io\"
	EndProjectSection
EndProject
Global
	GlobalSection(SolutionConfigurationPlatforms) = preSolution
		Debug|Any CPU = Debug|Any CPU
	EndGlobalSection
	GlobalSection(ProjectConfigurationPlatforms) = postSolution
		{D5CC2B24-322E-4021-BDDD-FC54E545C020}.Debug|Any CPU.ActiveCfg = Debug|Any CPU
		{D5CC2B24-322E-4021-BDDD-FC54E545C020}.Debug|Any CPU.Build.0 = Debug|Any CPU
	EndGlobalSection
	GlobalSection(SolutionProperties) = preSolution
		HideSolutionNode = FALSE
	EndGlobalSection
EndGlobal
