
Microsoft Visual Studio Solution File, Format Version 12.00
# Visual Studio 15
VisualStudioVersion = 15.0.27703.2035
MinimumVisualStudioVersion = 10.0.40219.1
Project("{FAE04EC0-301F-11D3-BF4B-00C04F79EFBC}") = "demoHNM237", "demoHNM237\demoHNM237.csproj", "{DB29C9D4-5E08-4C49-923C-2E26EB3A7E56}"
EndProject
Global
	GlobalSection(SolutionConfigurationPlatforms) = preSolution
		Debug|Any CPU = Debug|Any CPU
		Release|Any CPU = Release|Any CPU
	EndGlobalSection
	GlobalSection(ProjectConfigurationPlatforms) = postSolution
		{DB29C9D4-5E08-4C49-923C-2E26EB3A7E56}.Debug|Any CPU.ActiveCfg = Debug|Any CPU
		{DB29C9D4-5E08-4C49-923C-2E26EB3A7E56}.Debug|Any CPU.Build.0 = Debug|Any CPU
		{DB29C9D4-5E08-4C49-923C-2E26EB3A7E56}.Release|Any CPU.ActiveCfg = Release|Any CPU
		{DB29C9D4-5E08-4C49-923C-2E26EB3A7E56}.Release|Any CPU.Build.0 = Release|Any CPU
	EndGlobalSection
	GlobalSection(SolutionProperties) = preSolution
		HideSolutionNode = FALSE
	EndGlobalSection
	GlobalSection(ExtensibilityGlobals) = postSolution
		SolutionGuid = {A7798300-E5E3-453C-8002-056A5AF0102D}
	EndGlobalSection
EndGlobal
